<?xml version="1.0" encoding="utf-8"?>
<Project ToolsVersion="4.0" xmlns="http://schemas.microsoft.com/developer/msbuild/2003">
  <ItemGroup>
    <Filter Include="소스 파일">
      <UniqueIdentifier>{4FC737F1-C7A5-4376-A066-2A32D752A2FF}</UniqueIdentifier>
      <Extensions>cpp;c;cc;cxx;c++;cppm;ixx;def;odl;idl;hpj;bat;asm;asmx</Extensions>
    </Filter>
    <Filter Include="헤더 파일">
      <UniqueIdentifier>{93995380-89BD-4b04-88EB-625FBE52EBFB}</UniqueIdentifier>
      <Extensions>h;hh;hpp;hxx;h++;hm;inl;inc;ipp;xsd</Extensions>
    </Filter>
    <Filter Include="리소스 파일">
      <UniqueIdentifier>{67DA6AB6-F800-4c08-8B7A-83BB121AAD01}</UniqueIdentifier>
      <Extensions>rc;ico;cur;bmp;dlg;rc2;rct;bin;rgs;gif;jpg;jpeg;jpe;resx;tiff;tif;png;wav;mfcribbon-ms</Extensions>
    </Filter>
  </ItemGroup>
  <ItemGroup>
    <ClCompile Include="AsciiArtLibrary.cpp">
      <Filter>소스 파일</Filter>
    </ClCompile>
    <ClCompile Include="main.cpp">
      <Filter>소스 파일</Filter>
    </ClCompile>
    <ClCompile Include="ScreenManager.cpp">
      <Filter>소스 파일</Filter>
    </ClCompile>
    <ClCompile Include="InputManager.cpp">
      <Filter>소스 파일</Filter>
    </ClCompile>
    <ClCompile Include="CardUI.cpp">
      <Filter>소스 파일</Filter>
    </ClCompile>
    <ClCompile Include="CardArtLibrary.cpp">
      <Filter>소스 파일</Filter>
    </ClCompile>
    <ClCompile Include="CombatSystem.cpp">
      <Filter>소스 파일</Filter>
    </ClCompile>
    <ClCompile Include="TargetingArrow.cpp">
      <Filter>소스 파일</Filter>
    </ClCompile>
    <ClCompile Include="EntityUI.cpp">
      <Filter>소스 파일</Filter>
    </ClCompile>
    <ClCompile Include="MapRenderer.cpp">
      <Filter>소스 파일</Filter>
    </ClCompile>
    <ClCompile Include="ButtonUI.cpp">
      <Filter>소스 파일</Filter>
    </ClCompile>
    <ClCompile Include="ProgressBarUI.cpp">
      <Filter>소스 파일</Filter>
    </ClCompile>
    <ClCompile Include="TooltipUI.cpp">
      <Filter>소스 파일</Filter>
    </ClCompile>
    <ClCompile Include="ModalPopupUI.cpp">
      <Filter>소스 파일</Filter>
    </ClCompile>
    <ClCompile Include="Animation.cpp">
      <Filter>소스 파일</Filter>
    </ClCompile>
    <ClCompile Include="AudioManager.cpp">
      <Filter>소스 파일</Filter>
    </ClCompile>
    <ClCompile Include="HUDPanel.cpp">
      <Filter>소스 파일</Filter>
    </ClCompile>
    <ClCompile Include="TextLayout.cpp">
      <Filter>소스 파일</Filter>
    </ClCompile>
    <ClCompile Include="RunState.cpp">
      <Filter>소스 파일</Filter>
    </ClCompile>
    <ClCompile Include="SaveManager.cpp">
      <Filter>소스 파일</Filter>
    </ClCompile>
  </ItemGroup>
  <ItemGroup>
    <ClInclude Include="AsciiArtLibrary.h">
      <Filter>헤더 파일</Filter>
    </ClInclude>
    <ClInclude Include="ScreenManager.h">
      <Filter>헤더 파일</Filter>
    </ClInclude>
    <ClInclude Include="InputManager.h">
      <Filter>헤더 파일</Filter>
    </ClInclude>
    <ClInclude Include="UIElement.h">
      <Filter>헤더 파일</Filter>
    </ClInclude>
    <ClInclude Include="CardUI.h">
      <Filter>헤더 파일</Filter>
    </ClInclude>
    <ClInclude Include="CardArtLibrary.h">
      <Filter>헤더 파일</Filter>
    </ClInclude>
    <ClInclude Include="CombatSystem.h">
      <Filter>헤더 파일</Filter>
    </ClInclude>
    <ClInclude Include="TargetingArrow.h">
      <Filter>헤더 파일</Filter>
    </ClInclude>
    <ClInclude Include="FloatingText.h">
      <Filter>헤더 파일</Filter>
    </ClInclude>
    <ClInclude Include="EntityUI.h">
      <Filter>헤더 파일</Filter>
    </ClInclude>
    <ClInclude Include="MapRenderer.h">
      <Filter>헤더 파일</Filter>
    </ClInclude>
    <ClInclude Include="ButtonUI.h">
      <Filter>헤더 파일</Filter>
    </ClInclude>
    <ClInclude Include="GameData.h">
      <Filter>헤더 파일</Filter>
    </ClInclude>
    <ClInclude Include="ProgressBarUI.h">
      <Filter>헤더 파일</Filter>
    </ClInclude>
    <ClInclude Include="TooltipUI.h">
      <Filter>헤더 파일</Filter>
    </ClInclude>
    <ClInclude Include="ModalPopupUI.h">
      <Filter>헤더 파일</Filter>
    </ClInclude>
    <ClInclude Include="Animation.h">
      <Filter>헤더 파일</Filter>
    </ClInclude>
    <ClInclude Include="AudioManager.h">
      <Filter>헤더 파일</Filter>
    </ClInclude>
    <ClInclude Include="HUDPanel.h">
      <Filter>헤더 파일</Filter>
    </ClInclude>
    <ClInclude Include="TextLayout.h">
      <Filter>헤더 파일</Filter>
    </ClInclude>
    <ClInclude Include="RunState.h">
      <Filter>헤더 파일</Filter>
    </ClInclude>
    <ClInclude Include="SaveManager.h">
      <Filter>헤더 파일</Filter>
    </ClInclude>
  </ItemGroup>
</Project>
